// !$*UTF8*$!
{
	archiveVersion = 1;
	classes = {
	};
	objectVersion = 56;
	objects = {

/* Begin PBXBuildFile section */
		DDB72BA12C744AE500E6B912 /* AppDelegate.swift in Sources */ = {isa = PBXBuildFile; fileRef = DDB72BA02C744AE500E6B912 /* AppDelegate.swift */; };
		DDB72BA32C744AE500E6B912 /* SceneDelegate.swift in Sources */ = {isa = PBXBuildFile; fileRef = DDB72BA22C744AE500E6B912 /* SceneDelegate.swift */; };
		DDB72BA52C744AE500E6B912 /* FeedsViewController.swift in Sources */ = {isa = PBXBuildFile; fileRef = DDB72BA42C744AE500E6B912 /* FeedsViewController.swift */; };
		DDB72BAA2C744AE600E6B912 /* Assets.xcassets in Resources */ = {isa = PBXBuildFile; fileRef = DDB72BA92C744AE600E6B912 /* Assets.xcassets */; };
		DDB72BAD2C744AE600E6B912 /* Base in Resources */ = {isa = PBXBuildFile; fileRef = DDB72BAC2C744AE600E6B912 /* Base */; };
		DDB72BD52C744E9800E6B912 /* ChildCoordinator.swift in Sources */ = {isa = PBXBuildFile; fileRef = DDB72BD12C744E9800E6B912 /* ChildCoordinator.swift */; };
		DDB72BD62C744E9800E6B912 /* Coordinator.swift in Sources */ = {isa = PBXBuildFile; fileRef = DDB72BD22C744E9800E6B912 /* Coordinator.swift */; };
		DDB72BD72C744E9800E6B912 /* ParentCoordinator.swift in Sources */ = {isa = PBXBuildFile; fileRef = DDB72BD32C744E9800E6B912 /* ParentCoordinator.swift */; };
		DDB72BE92C744EBE00E6B912 /* EndPoint.swift in Sources */ = {isa = PBXBuildFile; fileRef = DDB72BD82C744EBE00E6B912 /* EndPoint.swift */; };
		DDB72BEA2C744EBE00E6B912 /* EndPointProtocol.swift in Sources */ = {isa = PBXBuildFile; fileRef = DDB72BD92C744EBE00E6B912 /* EndPointProtocol.swift */; };
		DDB72BEB2C744EBE00E6B912 /* NetworkCaller.swift in Sources */ = {isa = PBXBuildFile; fileRef = DDB72BDB2C744EBE00E6B912 /* NetworkCaller.swift */; };
		DDB72BEC2C744EBE00E6B912 /* NetworkCallerProtocol.swift in Sources */ = {isa = PBXBuildFile; fileRef = DDB72BDC2C744EBE00E6B912 /* NetworkCallerProtocol.swift */; };
		DDB72BED2C744EBE00E6B912 /* URLSessionProtocol.swift in Sources */ = {isa = PBXBuildFile; fileRef = DDB72BDD2C744EBE00E6B912 /* URLSessionProtocol.swift */; };
		DDB72BEE2C744EBE00E6B912 /* ConsoleNetworkLogger.swift in Sources */ = {isa = PBXBuildFile; fileRef = DDB72BDF2C744EBE00E6B912 /* ConsoleNetworkLogger.swift */; };
		DDB72BEF2C744EBE00E6B912 /* NetworkLogger.swift in Sources */ = {isa = PBXBuildFile; fileRef = DDB72BE02C744EBE00E6B912 /* NetworkLogger.swift */; };
		DDB72BF02C744EBE00E6B912 /* APIError.swift in Sources */ = {isa = PBXBuildFile; fileRef = DDB72BE22C744EBE00E6B912 /* APIError.swift */; };
		DDB72BF12C744EBE00E6B912 /* Data+Extension.swift in Sources */ = {isa = PBXBuildFile; fileRef = DDB72BE32C744EBE00E6B912 /* Data+Extension.swift */; };
		DDB72BF22C744EBE00E6B912 /* Encodable+NetworkExtension.swift in Sources */ = {isa = PBXBuildFile; fileRef = DDB72BE42C744EBE00E6B912 /* Encodable+NetworkExtension.swift */; };
		DDB72BF32C744EBE00E6B912 /* HeaderKeys.swift in Sources */ = {isa = PBXBuildFile; fileRef = DDB72BE52C744EBE00E6B912 /* HeaderKeys.swift */; };
		DDB72BF42C744EBE00E6B912 /* HttpMethod.swift in Sources */ = {isa = PBXBuildFile; fileRef = DDB72BE62C744EBE00E6B912 /* HttpMethod.swift */; };
		DDB72BF52C744EBE00E6B912 /* Network+TypeAlias.swift in Sources */ = {isa = PBXBuildFile; fileRef = DDB72BE72C744EBE00E6B912 /* Network+TypeAlias.swift */; };
		DDB72BFA2C744F9100E6B912 /* Post.swift in Sources */ = {isa = PBXBuildFile; fileRef = DDB72BF92C744F9100E6B912 /* Post.swift */; };
		DDB72BFC2C744FCC00E6B912 /* FeedsViewModel.swift in Sources */ = {isa = PBXBuildFile; fileRef = DDB72BFB2C744FCC00E6B912 /* FeedsViewModel.swift */; };
		DDB72BFF2C74501A00E6B912 /* Posts.json in Resources */ = {isa = PBXBuildFile; fileRef = DDB72BFE2C74501A00E6B912 /* Posts.json */; };
		DDB72C022C74546C00E6B912 /* BaseViewType.swift in Sources */ = {isa = PBXBuildFile; fileRef = DDB72C012C74546C00E6B912 /* BaseViewType.swift */; };
		DDB72C062C74552900E6B912 /* UIViewController+Extension.swift in Sources */ = {isa = PBXBuildFile; fileRef = DDB72C052C74552900E6B912 /* UIViewController+Extension.swift */; };
		DDB72C082C74556C00E6B912 /* UIViewController+BaseViewType.swift in Sources */ = {isa = PBXBuildFile; fileRef = DDB72C072C74556C00E6B912 /* UIViewController+BaseViewType.swift */; };
		DDB72C0B2C74574600E6B912 /* ProgressHUD in Frameworks */ = {isa = PBXBuildFile; productRef = DDB72C0A2C74574600E6B912 /* ProgressHUD */; };
		DDB72C0D2C745AE000E6B912 /* JsonHelper.swift in Sources */ = {isa = PBXBuildFile; fileRef = DDB72C0C2C745AE000E6B912 /* JsonHelper.swift */; };
		DDB72C1A2C745EC600E6B912 /* PostCell.swift in Sources */ = {isa = PBXBuildFile; fileRef = DDB72C192C745EC600E6B912 /* PostCell.swift */; };
		DDB72C1D2C745F5000E6B912 /* SDWebImage in Frameworks */ = {isa = PBXBuildFile; productRef = DDB72C1C2C745F5000E6B912 /* SDWebImage */; };
		DDB72C1F2C7460F600E6B912 /* PostsUseCase.swift in Sources */ = {isa = PBXBuildFile; fileRef = DDB72C1E2C7460F600E6B912 /* PostsUseCase.swift */; };
		DDB72C212C74614E00E6B912 /* PostsUseCaseImpl.swift in Sources */ = {isa = PBXBuildFile; fileRef = DDB72C202C74614E00E6B912 /* PostsUseCaseImpl.swift */; };
		DDB72C252C7461B200E6B912 /* PostRepo.swift in Sources */ = {isa = PBXBuildFile; fileRef = DDB72C242C7461B200E6B912 /* PostRepo.swift */; };
		DDB72C272C74621800E6B912 /* PostNetworkRepo.swift in Sources */ = {isa = PBXBuildFile; fileRef = DDB72C262C74621800E6B912 /* PostNetworkRepo.swift */; };
		DDB72C292C7462CF00E6B912 /* BaseRepo.swift in Sources */ = {isa = PBXBuildFile; fileRef = DDB72C282C7462CF00E6B912 /* BaseRepo.swift */; };
		DDEB7EBE2C746BDC00B17DF5 /* RxCocoa in Frameworks */ = {isa = PBXBuildFile; productRef = DDEB7EBD2C746BDC00B17DF5 /* RxCocoa */; };
		DDEB7EC02C746BDC00B17DF5 /* RxSwift in Frameworks */ = {isa = PBXBuildFile; productRef = DDEB7EBF2C746BDC00B17DF5 /* RxSwift */; };
		DDEB7EC22C74769D00B17DF5 /* PostPreviewUseCase.swift in Sources */ = {isa = PBXBuildFile; fileRef = DDEB7EC12C74769D00B17DF5 /* PostPreviewUseCase.swift */; };
		DDEB7EC72C74EB1500B17DF5 /* PostMultipleImageCell.swift in Sources */ = {isa = PBXBuildFile; fileRef = DDEB7EC62C74EB1500B17DF5 /* PostMultipleImageCell.swift */; };
		DDEB7EC92C74EBAA00B17DF5 /* UIView+Extension.swift in Sources */ = {isa = PBXBuildFile; fileRef = DDEB7EC82C74EBAA00B17DF5 /* UIView+Extension.swift */; };
		DDEB7ECB2C74ECC600B17DF5 /* UIRefreshControl+Extension.swift in Sources */ = {isa = PBXBuildFile; fileRef = DDEB7ECA2C74ECC600B17DF5 /* UIRefreshControl+Extension.swift */; };
		DDEB7ECD2C74F33800B17DF5 /* ImageCell.swift in Sources */ = {isa = PBXBuildFile; fileRef = DDEB7ECC2C74F33800B17DF5 /* ImageCell.swift */; };
/* End PBXBuildFile section */

/* Begin PBXContainerItemProxy section */
		DDB72BB42C744AE700E6B912 /* PBXContainerItemProxy */ = {
			isa = PBXContainerItemProxy;
			containerPortal = DDB72B952C744AE500E6B912 /* Project object */;
			proxyType = 1;
			remoteGlobalIDString = DDB72B9C2C744AE500E6B912;
			remoteInfo = PostProject;
		};
		DDB72BBE2C744AE700E6B912 /* PBXContainerItemProxy */ = {
			isa = PBXContainerItemProxy;
			containerPortal = DDB72B952C744AE500E6B912 /* Project object */;
			proxyType = 1;
			remoteGlobalIDString = DDB72B9C2C744AE500E6B912;
			remoteInfo = PostProject;
		};
/* End PBXContainerItemProxy section */

/* Begin PBXFileReference section */
		DDB72B9D2C744AE500E6B912 /* PostProject.app */ = {isa = PBXFileReference; explicitFileType = wrapper.application; includeInIndex = 0; path = PostProject.app; sourceTree = BUILT_PRODUCTS_DIR; };
		DDB72BA02C744AE500E6B912 /* AppDelegate.swift */ = {isa = PBXFileReference; lastKnownFileType = sourcecode.swift; path = AppDelegate.swift; sourceTree = "<group>"; };
		DDB72BA22C744AE500E6B912 /* SceneDelegate.swift */ = {isa = PBXFileReference; lastKnownFileType = sourcecode.swift; path = SceneDelegate.swift; sourceTree = "<group>"; };
		DDB72BA42C744AE500E6B912 /* FeedsViewController.swift */ = {isa = PBXFileReference; lastKnownFileType = sourcecode.swift; path = FeedsViewController.swift; sourceTree = "<group>"; };
		DDB72BA92C744AE600E6B912 /* Assets.xcassets */ = {isa = PBXFileReference; lastKnownFileType = folder.assetcatalog; path = Assets.xcassets; sourceTree = "<group>"; };
		DDB72BAC2C744AE600E6B912 /* Base */ = {isa = PBXFileReference; lastKnownFileType = file.storyboard; name = Base; path = Base.lproj/LaunchScreen.storyboard; sourceTree = "<group>"; };
		DDB72BAE2C744AE600E6B912 /* Info.plist */ = {isa = PBXFileReference; lastKnownFileType = text.plist.xml; path = Info.plist; sourceTree = "<group>"; };
		DDB72BB32C744AE700E6B912 /* PostProjectTests.xctest */ = {isa = PBXFileReference; explicitFileType = wrapper.cfbundle; includeInIndex = 0; path = PostProjectTests.xctest; sourceTree = BUILT_PRODUCTS_DIR; };
		DDB72BBD2C744AE700E6B912 /* PostProjectUITests.xctest */ = {isa = PBXFileReference; explicitFileType = wrapper.cfbundle; includeInIndex = 0; path = PostProjectUITests.xctest; sourceTree = BUILT_PRODUCTS_DIR; };
		DDB72BD12C744E9800E6B912 /* ChildCoordinator.swift */ = {isa = PBXFileReference; fileEncoding = 4; lastKnownFileType = sourcecode.swift; path = ChildCoordinator.swift; sourceTree = "<group>"; };
		DDB72BD22C744E9800E6B912 /* Coordinator.swift */ = {isa = PBXFileReference; fileEncoding = 4; lastKnownFileType = sourcecode.swift; path = Coordinator.swift; sourceTree = "<group>"; };
		DDB72BD32C744E9800E6B912 /* ParentCoordinator.swift */ = {isa = PBXFileReference; fileEncoding = 4; lastKnownFileType = sourcecode.swift; path = ParentCoordinator.swift; sourceTree = "<group>"; };
		DDB72BD82C744EBE00E6B912 /* EndPoint.swift */ = {isa = PBXFileReference; fileEncoding = 4; lastKnownFileType = sourcecode.swift; path = EndPoint.swift; sourceTree = "<group>"; };
		DDB72BD92C744EBE00E6B912 /* EndPointProtocol.swift */ = {isa = PBXFileReference; fileEncoding = 4; lastKnownFileType = sourcecode.swift; path = EndPointProtocol.swift; sourceTree = "<group>"; };
		DDB72BDB2C744EBE00E6B912 /* NetworkCaller.swift */ = {isa = PBXFileReference; fileEncoding = 4; lastKnownFileType = sourcecode.swift; path = NetworkCaller.swift; sourceTree = "<group>"; };
		DDB72BDC2C744EBE00E6B912 /* NetworkCallerProtocol.swift */ = {isa = PBXFileReference; fileEncoding = 4; lastKnownFileType = sourcecode.swift; path = NetworkCallerProtocol.swift; sourceTree = "<group>"; };
		DDB72BDD2C744EBE00E6B912 /* URLSessionProtocol.swift */ = {isa = PBXFileReference; fileEncoding = 4; lastKnownFileType = sourcecode.swift; path = URLSessionProtocol.swift; sourceTree = "<group>"; };
		DDB72BDF2C744EBE00E6B912 /* ConsoleNetworkLogger.swift */ = {isa = PBXFileReference; fileEncoding = 4; lastKnownFileType = sourcecode.swift; path = ConsoleNetworkLogger.swift; sourceTree = "<group>"; };
		DDB72BE02C744EBE00E6B912 /* NetworkLogger.swift */ = {isa = PBXFileReference; fileEncoding = 4; lastKnownFileType = sourcecode.swift; path = NetworkLogger.swift; sourceTree = "<group>"; };
		DDB72BE22C744EBE00E6B912 /* APIError.swift */ = {isa = PBXFileReference; fileEncoding = 4; lastKnownFileType = sourcecode.swift; path = APIError.swift; sourceTree = "<group>"; };
		DDB72BE32C744EBE00E6B912 /* Data+Extension.swift */ = {isa = PBXFileReference; fileEncoding = 4; lastKnownFileType = sourcecode.swift; path = "Data+Extension.swift"; sourceTree = "<group>"; };
		DDB72BE42C744EBE00E6B912 /* Encodable+NetworkExtension.swift */ = {isa = PBXFileReference; fileEncoding = 4; lastKnownFileType = sourcecode.swift; path = "Encodable+NetworkExtension.swift"; sourceTree = "<group>"; };
		DDB72BE52C744EBE00E6B912 /* HeaderKeys.swift */ = {isa = PBXFileReference; fileEncoding = 4; lastKnownFileType = sourcecode.swift; path = HeaderKeys.swift; sourceTree = "<group>"; };
		DDB72BE62C744EBE00E6B912 /* HttpMethod.swift */ = {isa = PBXFileReference; fileEncoding = 4; lastKnownFileType = sourcecode.swift; path = HttpMethod.swift; sourceTree = "<group>"; };
		DDB72BE72C744EBE00E6B912 /* Network+TypeAlias.swift */ = {isa = PBXFileReference; fileEncoding = 4; lastKnownFileType = sourcecode.swift; path = "Network+TypeAlias.swift"; sourceTree = "<group>"; };
		DDB72BF92C744F9100E6B912 /* Post.swift */ = {isa = PBXFileReference; fileEncoding = 4; lastKnownFileType = sourcecode.swift; path = Post.swift; sourceTree = "<group>"; };
		DDB72BFB2C744FCC00E6B912 /* FeedsViewModel.swift */ = {isa = PBXFileReference; lastKnownFileType = sourcecode.swift; path = FeedsViewModel.swift; sourceTree = "<group>"; };
		DDB72BFE2C74501A00E6B912 /* Posts.json */ = {isa = PBXFileReference; fileEncoding = 4; lastKnownFileType = text.json; path = Posts.json; sourceTree = "<group>"; };
		DDB72C012C74546C00E6B912 /* BaseViewType.swift */ = {isa = PBXFileReference; lastKnownFileType = sourcecode.swift; path = BaseViewType.swift; sourceTree = "<group>"; };
		DDB72C052C74552900E6B912 /* UIViewController+Extension.swift */ = {isa = PBXFileReference; lastKnownFileType = sourcecode.swift; path = "UIViewController+Extension.swift"; sourceTree = "<group>"; };
		DDB72C072C74556C00E6B912 /* UIViewController+BaseViewType.swift */ = {isa = PBXFileReference; lastKnownFileType = sourcecode.swift; path = "UIViewController+BaseViewType.swift"; sourceTree = "<group>"; };
		DDB72C0C2C745AE000E6B912 /* JsonHelper.swift */ = {isa = PBXFileReference; lastKnownFileType = sourcecode.swift; path = JsonHelper.swift; sourceTree = "<group>"; };
		DDB72C192C745EC600E6B912 /* PostCell.swift */ = {isa = PBXFileReference; lastKnownFileType = sourcecode.swift; path = PostCell.swift; sourceTree = "<group>"; };
		DDB72C1E2C7460F600E6B912 /* PostsUseCase.swift */ = {isa = PBXFileReference; lastKnownFileType = sourcecode.swift; path = PostsUseCase.swift; sourceTree = "<group>"; };
		DDB72C202C74614E00E6B912 /* PostsUseCaseImpl.swift */ = {isa = PBXFileReference; lastKnownFileType = sourcecode.swift; path = PostsUseCaseImpl.swift; sourceTree = "<group>"; };
		DDB72C242C7461B200E6B912 /* PostRepo.swift */ = {isa = PBXFileReference; lastKnownFileType = sourcecode.swift; path = PostRepo.swift; sourceTree = "<group>"; };
		DDB72C262C74621800E6B912 /* PostNetworkRepo.swift */ = {isa = PBXFileReference; lastKnownFileType = sourcecode.swift; path = PostNetworkRepo.swift; sourceTree = "<group>"; };
		DDB72C282C7462CF00E6B912 /* BaseRepo.swift */ = {isa = PBXFileReference; lastKnownFileType = sourcecode.swift; path = BaseRepo.swift; sourceTree = "<group>"; };
		DDEB7EC12C74769D00B17DF5 /* PostPreviewUseCase.swift */ = {isa = PBXFileReference; lastKnownFileType = sourcecode.swift; path = PostPreviewUseCase.swift; sourceTree = "<group>"; };
		DDEB7EC62C74EB1500B17DF5 /* PostMultipleImageCell.swift */ = {isa = PBXFileReference; lastKnownFileType = sourcecode.swift; path = PostMultipleImageCell.swift; sourceTree = "<group>"; };
		DDEB7EC82C74EBAA00B17DF5 /* UIView+Extension.swift */ = {isa = PBXFileReference; lastKnownFileType = sourcecode.swift; path = "UIView+Extension.swift"; sourceTree = "<group>"; };
		DDEB7ECA2C74ECC600B17DF5 /* UIRefreshControl+Extension.swift */ = {isa = PBXFileReference; lastKnownFileType = sourcecode.swift; path = "UIRefreshControl+Extension.swift"; sourceTree = "<group>"; };
		DDEB7ECC2C74F33800B17DF5 /* ImageCell.swift */ = {isa = PBXFileReference; lastKnownFileType = sourcecode.swift; path = ImageCell.swift; sourceTree = "<group>"; };
/* End PBXFileReference section */

/* Begin PBXFrameworksBuildPhase section */
		DDB72B9A2C744AE500E6B912 /* Frameworks */ = {
			isa = PBXFrameworksBuildPhase;
			buildActionMask = 2147483647;
			files = (
				DDEB7EBE2C746BDC00B17DF5 /* RxCocoa in Frameworks */,
				DDB72C0B2C74574600E6B912 /* ProgressHUD in Frameworks */,
				DDEB7EC02C746BDC00B17DF5 /* RxSwift in Frameworks */,
				DDB72C1D2C745F5000E6B912 /* SDWebImage in Frameworks */,
			);
			runOnlyForDeploymentPostprocessing = 0;
		};
		DDB72BB02C744AE700E6B912 /* Frameworks */ = {
			isa = PBXFrameworksBuildPhase;
			buildActionMask = 2147483647;
			files = (
			);
			runOnlyForDeploymentPostprocessing = 0;
		};
		DDB72BBA2C744AE700E6B912 /* Frameworks */ = {
			isa = PBXFrameworksBuildPhase;
			buildActionMask = 2147483647;
			files = (
			);
			runOnlyForDeploymentPostprocessing = 0;
		};
/* End PBXFrameworksBuildPhase section */

/* Begin PBXGroup section */
		DDB72B942C744AE500E6B912 = {
			isa = PBXGroup;
			children = (
				DDB72B9F2C744AE500E6B912 /* PostProject */,
				DDB72BB62C744AE700E6B912 /* PostProjectTests */,
				DDB72BC02C744AE700E6B912 /* PostProjectUITests */,
				DDB72B9E2C744AE500E6B912 /* Products */,
			);
			sourceTree = "<group>";
		};
		DDB72B9E2C744AE500E6B912 /* Products */ = {
			isa = PBXGroup;
			children = (
				DDB72B9D2C744AE500E6B912 /* PostProject.app */,
				DDB72BB32C744AE700E6B912 /* PostProjectTests.xctest */,
				DDB72BBD2C744AE700E6B912 /* PostProjectUITests.xctest */,
			);
			name = Products;
			sourceTree = "<group>";
		};
		DDB72B9F2C744AE500E6B912 /* PostProject */ = {
			isa = PBXGroup;
			children = (
				DDB72BD02C744E2100E6B912 /* App */,
				DDB72C032C7454F700E6B912 /* Utilities */,
				DDB72C002C74503900E6B912 /* Base */,
				DDB72BD42C744E9800E6B912 /* Coordinator */,
				DDB72BE82C744EBE00E6B912 /* Network */,
				DDB72BF62C744F2800E6B912 /* MainModule */,
				DDB72BA92C744AE600E6B912 /* Assets.xcassets */,
				DDB72BAB2C744AE600E6B912 /* LaunchScreen.storyboard */,
				DDB72BFD2C744FE700E6B912 /* JSON */,
				DDB72BAE2C744AE600E6B912 /* Info.plist */,
			);
			path = PostProject;
			sourceTree = "<group>";
		};
		DDB72BB62C744AE700E6B912 /* PostProjectTests */ = {
			isa = PBXGroup;
			children = (
			);
			path = PostProjectTests;
			sourceTree = "<group>";
		};
		DDB72BC02C744AE700E6B912 /* PostProjectUITests */ = {
			isa = PBXGroup;
			children = (
			);
			path = PostProjectUITests;
			sourceTree = "<group>";
		};
		DDB72BD02C744E2100E6B912 /* App */ = {
			isa = PBXGroup;
			children = (
				DDB72BA02C744AE500E6B912 /* AppDelegate.swift */,
				DDB72BA22C744AE500E6B912 /* SceneDelegate.swift */,
			);
			path = App;
			sourceTree = "<group>";
		};
		DDB72BD42C744E9800E6B912 /* Coordinator */ = {
			isa = PBXGroup;
			children = (
				DDB72BD12C744E9800E6B912 /* ChildCoordinator.swift */,
				DDB72BD22C744E9800E6B912 /* Coordinator.swift */,
				DDB72BD32C744E9800E6B912 /* ParentCoordinator.swift */,
			);
			path = Coordinator;
			sourceTree = "<group>";
		};
		DDB72BDA2C744EBE00E6B912 /* EndPoint */ = {
			isa = PBXGroup;
			children = (
				DDB72BD82C744EBE00E6B912 /* EndPoint.swift */,
				DDB72BD92C744EBE00E6B912 /* EndPointProtocol.swift */,
			);
			path = EndPoint;
			sourceTree = "<group>";
		};
		DDB72BDE2C744EBE00E6B912 /* NetworkCaller */ = {
			isa = PBXGroup;
			children = (
				DDB72BDB2C744EBE00E6B912 /* NetworkCaller.swift */,
				DDB72BDC2C744EBE00E6B912 /* NetworkCallerProtocol.swift */,
				DDB72BDD2C744EBE00E6B912 /* URLSessionProtocol.swift */,
			);
			path = NetworkCaller;
			sourceTree = "<group>";
		};
		DDB72BE12C744EBE00E6B912 /* NetworkLogger */ = {
			isa = PBXGroup;
			children = (
				DDB72BDF2C744EBE00E6B912 /* ConsoleNetworkLogger.swift */,
				DDB72BE02C744EBE00E6B912 /* NetworkLogger.swift */,
			);
			path = NetworkLogger;
			sourceTree = "<group>";
		};
		DDB72BE82C744EBE00E6B912 /* Network */ = {
			isa = PBXGroup;
			children = (
				DDB72BDA2C744EBE00E6B912 /* EndPoint */,
				DDB72BDE2C744EBE00E6B912 /* NetworkCaller */,
				DDB72BE12C744EBE00E6B912 /* NetworkLogger */,
				DDB72BE22C744EBE00E6B912 /* APIError.swift */,
				DDB72BE32C744EBE00E6B912 /* Data+Extension.swift */,
				DDB72BE42C744EBE00E6B912 /* Encodable+NetworkExtension.swift */,
				DDB72BE52C744EBE00E6B912 /* HeaderKeys.swift */,
				DDB72BE62C744EBE00E6B912 /* HttpMethod.swift */,
				DDB72BE72C744EBE00E6B912 /* Network+TypeAlias.swift */,
			);
			path = Network;
			sourceTree = "<group>";
		};
		DDB72BF62C744F2800E6B912 /* MainModule */ = {
			isa = PBXGroup;
			children = (
				DDB72BF82C744F6500E6B912 /* Models */,
				DDB72BF72C744F5600E6B912 /* ViewControllers */,
				DDB72C112C745CF800E6B912 /* ViewModels */,
				DDB72C102C745CD200E6B912 /* UseCases */,
				DDB72C0F2C745CCA00E6B912 /* Repos */,
			);
			path = MainModule;
			sourceTree = "<group>";
		};
		DDB72BF72C744F5600E6B912 /* ViewControllers */ = {
			isa = PBXGroup;
			children = (
				DDB72C0E2C745C5100E6B912 /* Feeds */,
			);
			path = ViewControllers;
			sourceTree = "<group>";
		};
		DDB72BF82C744F6500E6B912 /* Models */ = {
			isa = PBXGroup;
			children = (
				DDB72BF92C744F9100E6B912 /* Post.swift */,
			);
			path = Models;
			sourceTree = "<group>";
		};
		DDB72BFD2C744FE700E6B912 /* JSON */ = {
			isa = PBXGroup;
			children = (
				DDB72BFE2C74501A00E6B912 /* Posts.json */,
			);
			path = JSON;
			sourceTree = "<group>";
		};
		DDB72C002C74503900E6B912 /* Base */ = {
			isa = PBXGroup;
			children = (
				DDB72C012C74546C00E6B912 /* BaseViewType.swift */,
				DDB72C072C74556C00E6B912 /* UIViewController+BaseViewType.swift */,
				DDB72C282C7462CF00E6B912 /* BaseRepo.swift */,
			);
			path = Base;
			sourceTree = "<group>";
		};
		DDB72C032C7454F700E6B912 /* Utilities */ = {
			isa = PBXGroup;
			children = (
				DDB72C042C74550900E6B912 /* Extensions */,
				DDB72C0C2C745AE000E6B912 /* JsonHelper.swift */,
			);
			path = Utilities;
			sourceTree = "<group>";
		};
		DDB72C042C74550900E6B912 /* Extensions */ = {
			isa = PBXGroup;
			children = (
				DDB72C052C74552900E6B912 /* UIViewController+Extension.swift */,
				DDEB7EC82C74EBAA00B17DF5 /* UIView+Extension.swift */,
				DDEB7ECA2C74ECC600B17DF5 /* UIRefreshControl+Extension.swift */,
			);
			path = Extensions;
			sourceTree = "<group>";
		};
		DDB72C0E2C745C5100E6B912 /* Feeds */ = {
			isa = PBXGroup;
			children = (
				DDB72BA42C744AE500E6B912 /* FeedsViewController.swift */,
				DDB72C192C745EC600E6B912 /* PostCell.swift */,
				DDEB7EC62C74EB1500B17DF5 /* PostMultipleImageCell.swift */,
				DDEB7ECC2C74F33800B17DF5 /* ImageCell.swift */,
			);
			path = Feeds;
			sourceTree = "<group>";
		};
		DDB72C0F2C745CCA00E6B912 /* Repos */ = {
			isa = PBXGroup;
			children = (
				DDB72C232C7461A000E6B912 /* PostRepo */,
			);
			path = Repos;
			sourceTree = "<group>";
		};
		DDB72C102C745CD200E6B912 /* UseCases */ = {
			isa = PBXGroup;
			children = (
				DDB72C222C74615300E6B912 /* PostsUseCase */,
			);
			path = UseCases;
			sourceTree = "<group>";
		};
		DDB72C112C745CF800E6B912 /* ViewModels */ = {
			isa = PBXGroup;
			children = (
				DDB72BFB2C744FCC00E6B912 /* FeedsViewModel.swift */,
			);
			path = ViewModels;
			sourceTree = "<group>";
		};
		DDB72C222C74615300E6B912 /* PostsUseCase */ = {
			isa = PBXGroup;
			children = (
				DDB72C1E2C7460F600E6B912 /* PostsUseCase.swift */,
				DDB72C202C74614E00E6B912 /* PostsUseCaseImpl.swift */,
				DDEB7EC12C74769D00B17DF5 /* PostPreviewUseCase.swift */,
			);
			path = PostsUseCase;
			sourceTree = "<group>";
		};
		DDB72C232C7461A000E6B912 /* PostRepo */ = {
			isa = PBXGroup;
			children = (
				DDB72C242C7461B200E6B912 /* PostRepo.swift */,
				DDB72C262C74621800E6B912 /* PostNetworkRepo.swift */,
			);
			path = PostRepo;
			sourceTree = "<group>";
		};
/* End PBXGroup section */

/* Begin PBXNativeTarget section */
		DDB72B9C2C744AE500E6B912 /* PostProject */ = {
			isa = PBXNativeTarget;
			buildConfigurationList = DDB72BC72C744AE700E6B912 /* Build configuration list for PBXNativeTarget "PostProject" */;
			buildPhases = (
				DDB72B992C744AE500E6B912 /* Sources */,
				DDB72B9A2C744AE500E6B912 /* Frameworks */,
				DDB72B9B2C744AE500E6B912 /* Resources */,
			);
			buildRules = (
			);
			dependencies = (
			);
			name = PostProject;
			packageProductDependencies = (
				DDB72C0A2C74574600E6B912 /* ProgressHUD */,
				DDB72C1C2C745F5000E6B912 /* SDWebImage */,
				DDEB7EBD2C746BDC00B17DF5 /* RxCocoa */,
				DDEB7EBF2C746BDC00B17DF5 /* RxSwift */,
			);
			productName = PostProject;
			productReference = DDB72B9D2C744AE500E6B912 /* PostProject.app */;
			productType = "com.apple.product-type.application";
		};
		DDB72BB22C744AE700E6B912 /* PostProjectTests */ = {
			isa = PBXNativeTarget;
			buildConfigurationList = DDB72BCA2C744AE700E6B912 /* Build configuration list for PBXNativeTarget "PostProjectTests" */;
			buildPhases = (
				DDB72BAF2C744AE700E6B912 /* Sources */,
				DDB72BB02C744AE700E6B912 /* Frameworks */,
				DDB72BB12C744AE700E6B912 /* Resources */,
			);
			buildRules = (
			);
			dependencies = (
				DDB72BB52C744AE700E6B912 /* PBXTargetDependency */,
			);
			name = PostProjectTests;
			productName = PostProjectTests;
			productReference = DDB72BB32C744AE700E6B912 /* PostProjectTests.xctest */;
			productType = "com.apple.product-type.bundle.unit-test";
		};
		DDB72BBC2C744AE700E6B912 /* PostProjectUITests */ = {
			isa = PBXNativeTarget;
			buildConfigurationList = DDB72BCD2C744AE700E6B912 /* Build configuration list for PBXNativeTarget "PostProjectUITests" */;
			buildPhases = (
				DDB72BB92C744AE700E6B912 /* Sources */,
				DDB72BBA2C744AE700E6B912 /* Frameworks */,
				DDB72BBB2C744AE700E6B912 /* Resources */,
			);
			buildRules = (
			);
			dependencies = (
				DDB72BBF2C744AE700E6B912 /* PBXTargetDependency */,
			);
			name = PostProjectUITests;
			productName = PostProjectUITests;
			productReference = DDB72BBD2C744AE700E6B912 /* PostProjectUITests.xctest */;
			productType = "com.apple.product-type.bundle.ui-testing";
		};
/* End PBXNativeTarget section */

/* Begin PBXProject section */
		DDB72B952C744AE500E6B912 /* Project object */ = {
			isa = PBXProject;
			attributes = {
				BuildIndependentTargetsInParallel = 1;
				LastSwiftUpdateCheck = 1540;
				LastUpgradeCheck = 1540;
				TargetAttributes = {
					DDB72B9C2C744AE500E6B912 = {
						CreatedOnToolsVersion = 15.4;
					};
					DDB72BB22C744AE700E6B912 = {
						CreatedOnToolsVersion = 15.4;
						TestTargetID = DDB72B9C2C744AE500E6B912;
					};
					DDB72BBC2C744AE700E6B912 = {
						CreatedOnToolsVersion = 15.4;
						TestTargetID = DDB72B9C2C744AE500E6B912;
					};
				};
			};
			buildConfigurationList = DDB72B982C744AE500E6B912 /* Build configuration list for PBXProject "PostProject" */;
			compatibilityVersion = "Xcode 14.0";
			developmentRegion = en;
			hasScannedForEncodings = 0;
			knownRegions = (
				en,
				Base,
			);
			mainGroup = DDB72B942C744AE500E6B912;
			packageReferences = (
				DDB72C092C74574600E6B912 /* XCRemoteSwiftPackageReference "ProgressHUD" */,
				DDB72C1B2C745F5000E6B912 /* XCRemoteSwiftPackageReference "SDWebImage" */,
				DDEB7EBC2C746BDC00B17DF5 /* XCRemoteSwiftPackageReference "RxSwift" */,
			);
			productRefGroup = DDB72B9E2C744AE500E6B912 /* Products */;
			projectDirPath = "";
			projectRoot = "";
			targets = (
				DDB72B9C2C744AE500E6B912 /* PostProject */,
				DDB72BB22C744AE700E6B912 /* PostProjectTests */,
				DDB72BBC2C744AE700E6B912 /* PostProjectUITests */,
			);
		};
/* End PBXProject section */

/* Begin PBXResourcesBuildPhase section */
		DDB72B9B2C744AE500E6B912 /* Resources */ = {
			isa = PBXResourcesBuildPhase;
			buildActionMask = 2147483647;
			files = (
				DDB72BFF2C74501A00E6B912 /* Posts.json in Resources */,
				DDB72BAA2C744AE600E6B912 /* Assets.xcassets in Resources */,
				DDB72BAD2C744AE600E6B912 /* Base in Resources */,
			);
			runOnlyForDeploymentPostprocessing = 0;
		};
		DDB72BB12C744AE700E6B912 /* Resources */ = {
			isa = PBXResourcesBuildPhase;
			buildActionMask = 2147483647;
			files = (
			);
			runOnlyForDeploymentPostprocessing = 0;
		};
		DDB72BBB2C744AE700E6B912 /* Resources */ = {
			isa = PBXResourcesBuildPhase;
			buildActionMask = 2147483647;
			files = (
			);
			runOnlyForDeploymentPostprocessing = 0;
		};
/* End PBXResourcesBuildPhase section */

/* Begin PBXSourcesBuildPhase section */
		DDB72B992C744AE500E6B912 /* Sources */ = {
			isa = PBXSourcesBuildPhase;
			buildActionMask = 2147483647;
			files = (
				DDB72BF52C744EBE00E6B912 /* Network+TypeAlias.swift in Sources */,
				DDB72BFC2C744FCC00E6B912 /* FeedsViewModel.swift in Sources */,
				DDB72BD72C744E9800E6B912 /* ParentCoordinator.swift in Sources */,
				DDB72BA52C744AE500E6B912 /* FeedsViewController.swift in Sources */,
				DDEB7ECB2C74ECC600B17DF5 /* UIRefreshControl+Extension.swift in Sources */,
				DDEB7EC22C74769D00B17DF5 /* PostPreviewUseCase.swift in Sources */,
				DDB72BF12C744EBE00E6B912 /* Data+Extension.swift in Sources */,
				DDB72BEE2C744EBE00E6B912 /* ConsoleNetworkLogger.swift in Sources */,
				DDB72C1F2C7460F600E6B912 /* PostsUseCase.swift in Sources */,
				DDB72BF42C744EBE00E6B912 /* HttpMethod.swift in Sources */,
				DDB72C062C74552900E6B912 /* UIViewController+Extension.swift in Sources */,
				DDB72BF22C744EBE00E6B912 /* Encodable+NetworkExtension.swift in Sources */,
				DDB72C272C74621800E6B912 /* PostNetworkRepo.swift in Sources */,
				DDB72BD52C744E9800E6B912 /* ChildCoordinator.swift in Sources */,
				DDB72BF32C744EBE00E6B912 /* HeaderKeys.swift in Sources */,
				DDB72BEC2C744EBE00E6B912 /* NetworkCallerProtocol.swift in Sources */,
				DDB72C212C74614E00E6B912 /* PostsUseCaseImpl.swift in Sources */,
				DDB72BEF2C744EBE00E6B912 /* NetworkLogger.swift in Sources */,
				DDB72C292C7462CF00E6B912 /* BaseRepo.swift in Sources */,
				DDB72BD62C744E9800E6B912 /* Coordinator.swift in Sources */,
				DDB72C082C74556C00E6B912 /* UIViewController+BaseViewType.swift in Sources */,
				DDB72C1A2C745EC600E6B912 /* PostCell.swift in Sources */,
				DDB72BED2C744EBE00E6B912 /* URLSessionProtocol.swift in Sources */,
				DDB72C252C7461B200E6B912 /* PostRepo.swift in Sources */,
				DDEB7EC72C74EB1500B17DF5 /* PostMultipleImageCell.swift in Sources */,
				DDEB7EC92C74EBAA00B17DF5 /* UIView+Extension.swift in Sources */,
				DDB72BEA2C744EBE00E6B912 /* EndPointProtocol.swift in Sources */,
				DDB72BA12C744AE500E6B912 /* AppDelegate.swift in Sources */,
				DDB72BEB2C744EBE00E6B912 /* NetworkCaller.swift in Sources */,
				DDEB7ECD2C74F33800B17DF5 /* ImageCell.swift in Sources */,
				DDB72C0D2C745AE000E6B912 /* JsonHelper.swift in Sources */,
				DDB72C022C74546C00E6B912 /* BaseViewType.swift in Sources */,
				DDB72BE92C744EBE00E6B912 /* EndPoint.swift in Sources */,
				DDB72BA32C744AE500E6B912 /* SceneDelegate.swift in Sources */,
				DDB72BF02C744EBE00E6B912 /* APIError.swift in Sources */,
				DDB72BFA2C744F9100E6B912 /* Post.swift in Sources */,
			);
			runOnlyForDeploymentPostprocessing = 0;
		};
		DDB72BAF2C744AE700E6B912 /* Sources */ = {
			isa = PBXSourcesBuildPhase;
			buildActionMask = 2147483647;
			files = (
			);
			runOnlyForDeploymentPostprocessing = 0;
		};
		DDB72BB92C744AE700E6B912 /* Sources */ = {
			isa = PBXSourcesBuildPhase;
			buildActionMask = 2147483647;
			files = (
			);
			runOnlyForDeploymentPostprocessing = 0;
		};
/* End PBXSourcesBuildPhase section */

/* Begin PBXTargetDependency section */
		DDB72BB52C744AE700E6B912 /* PBXTargetDependency */ = {
			isa = PBXTargetDependency;
			target = DDB72B9C2C744AE500E6B912 /* PostProject */;
			targetProxy = DDB72BB42C744AE700E6B912 /* PBXContainerItemProxy */;
		};
		DDB72BBF2C744AE700E6B912 /* PBXTargetDependency */ = {
			isa = PBXTargetDependency;
			target = DDB72B9C2C744AE500E6B912 /* PostProject */;
			targetProxy = DDB72BBE2C744AE700E6B912 /* PBXContainerItemProxy */;
		};
/* End PBXTargetDependency section */

/* Begin PBXVariantGroup section */
		DDB72BAB2C744AE600E6B912 /* LaunchScreen.storyboard */ = {
			isa = PBXVariantGroup;
			children = (
				DDB72BAC2C744AE600E6B912 /* Base */,
			);
			name = LaunchScreen.storyboard;
			sourceTree = "<group>";
		};
/* End PBXVariantGroup section */

/* Begin XCBuildConfiguration section */
		DDB72BC52C744AE700E6B912 /* Debug */ = {
			isa = XCBuildConfiguration;
			buildSettings = {
				ALWAYS_SEARCH_USER_PATHS = NO;
				ASSETCATALOG_COMPILER_GENERATE_SWIFT_ASSET_SYMBOL_EXTENSIONS = YES;
				CLANG_ANALYZER_NONNULL = YES;
				CLANG_ANALYZER_NUMBER_OBJECT_CONVERSION = YES_AGGRESSIVE;
				CLANG_CXX_LANGUAGE_STANDARD = "gnu++20";
				CLANG_ENABLE_MODULES = YES;
				CLANG_ENABLE_OBJC_ARC = YES;
				CLANG_ENABLE_OBJC_WEAK = YES;
				CLANG_WARN_BLOCK_CAPTURE_AUTORELEASING = YES;
				CLANG_WARN_BOOL_CONVERSION = YES;
				CLANG_WARN_COMMA = YES;
				CLANG_WARN_CONSTANT_CONVERSION = YES;
				CLANG_WARN_DEPRECATED_OBJC_IMPLEMENTATIONS = YES;
				CLANG_WARN_DIRECT_OBJC_ISA_USAGE = YES_ERROR;
				CLANG_WARN_DOCUMENTATION_COMMENTS = YES;
				CLANG_WARN_EMPTY_BODY = YES;
				CLANG_WARN_ENUM_CONVERSION = YES;
				CLANG_WARN_INFINITE_RECURSION = YES;
				CLANG_WARN_INT_CONVERSION = YES;
				CLANG_WARN_NON_LITERAL_NULL_CONVERSION = YES;
				CLANG_WARN_OBJC_IMPLICIT_RETAIN_SELF = YES;
				CLANG_WARN_OBJC_LITERAL_CONVERSION = YES;
				CLANG_WARN_OBJC_ROOT_CLASS = YES_ERROR;
				CLANG_WARN_QUOTED_INCLUDE_IN_FRAMEWORK_HEADER = YES;
				CLANG_WARN_RANGE_LOOP_ANALYSIS = YES;
				CLANG_WARN_STRICT_PROTOTYPES = YES;
				CLANG_WARN_SUSPICIOUS_MOVE = YES;
				CLANG_WARN_UNGUARDED_AVAILABILITY = YES_AGGRESSIVE;
				CLANG_WARN_UNREACHABLE_CODE = YES;
				CLANG_WARN__DUPLICATE_METHOD_MATCH = YES;
				COPY_PHASE_STRIP = NO;
				DEBUG_INFORMATION_FORMAT = dwarf;
				ENABLE_STRICT_OBJC_MSGSEND = YES;
				ENABLE_TESTABILITY = YES;
				ENABLE_USER_SCRIPT_SANDBOXING = YES;
				GCC_C_LANGUAGE_STANDARD = gnu17;
				GCC_DYNAMIC_NO_PIC = NO;
				GCC_NO_COMMON_BLOCKS = YES;
				GCC_OPTIMIZATION_LEVEL = 0;
				GCC_PREPROCESSOR_DEFINITIONS = (
					"DEBUG=1",
					"$(inherited)",
				);
				GCC_WARN_64_TO_32_BIT_CONVERSION = YES;
				GCC_WARN_ABOUT_RETURN_TYPE = YES_ERROR;
				GCC_WARN_UNDECLARED_SELECTOR = YES;
				GCC_WARN_UNINITIALIZED_AUTOS = YES_AGGRESSIVE;
				GCC_WARN_UNUSED_FUNCTION = YES;
				GCC_WARN_UNUSED_VARIABLE = YES;
				IPHONEOS_DEPLOYMENT_TARGET = 17.5;
				LOCALIZATION_PREFERS_STRING_CATALOGS = YES;
				MTL_ENABLE_DEBUG_INFO = INCLUDE_SOURCE;
				MTL_FAST_MATH = YES;
				ONLY_ACTIVE_ARCH = YES;
				SDKROOT = iphoneos;
				SWIFT_ACTIVE_COMPILATION_CONDITIONS = "DEBUG $(inherited)";
				SWIFT_OPTIMIZATION_LEVEL = "-Onone";
			};
			name = Debug;
		};
		DDB72BC62C744AE700E6B912 /* Release */ = {
			isa = XCBuildConfiguration;
			buildSettings = {
				ALWAYS_SEARCH_USER_PATHS = NO;
				ASSETCATALOG_COMPILER_GENERATE_SWIFT_ASSET_SYMBOL_EXTENSIONS = YES;
				CLANG_ANALYZER_NONNULL = YES;
				CLANG_ANALYZER_NUMBER_OBJECT_CONVERSION = YES_AGGRESSIVE;
				CLANG_CXX_LANGUAGE_STANDARD = "gnu++20";
				CLANG_ENABLE_MODULES = YES;
				CLANG_ENABLE_OBJC_ARC = YES;
				CLANG_ENABLE_OBJC_WEAK = YES;
				CLANG_WARN_BLOCK_CAPTURE_AUTORELEASING = YES;
				CLANG_WARN_BOOL_CONVERSION = YES;
				CLANG_WARN_COMMA = YES;
				CLANG_WARN_CONSTANT_CONVERSION = YES;
				CLANG_WARN_DEPRECATED_OBJC_IMPLEMENTATIONS = YES;
				CLANG_WARN_DIRECT_OBJC_ISA_USAGE = YES_ERROR;
				CLANG_WARN_DOCUMENTATION_COMMENTS = YES;
				CLANG_WARN_EMPTY_BODY = YES;
				CLANG_WARN_ENUM_CONVERSION = YES;
				CLANG_WARN_INFINITE_RECURSION = YES;
				CLANG_WARN_INT_CONVERSION = YES;
				CLANG_WARN_NON_LITERAL_NULL_CONVERSION = YES;
				CLANG_WARN_OBJC_IMPLICIT_RETAIN_SELF = YES;
				CLANG_WARN_OBJC_LITERAL_CONVERSION = YES;
				CLANG_WARN_OBJC_ROOT_CLASS = YES_ERROR;
				CLANG_WARN_QUOTED_INCLUDE_IN_FRAMEWORK_HEADER = YES;
				CLANG_WARN_RANGE_LOOP_ANALYSIS = YES;
				CLANG_WARN_STRICT_PROTOTYPES = YES;
				CLANG_WARN_SUSPICIOUS_MOVE = YES;
				CLANG_WARN_UNGUARDED_AVAILABILITY = YES_AGGRESSIVE;
				CLANG_WARN_UNREACHABLE_CODE = YES;
				CLANG_WARN__DUPLICATE_METHOD_MATCH = YES;
				COPY_PHASE_STRIP = NO;
				DEBUG_INFORMATION_FORMAT = "dwarf-with-dsym";
				ENABLE_NS_ASSERTIONS = NO;
				ENABLE_STRICT_OBJC_MSGSEND = YES;
				ENABLE_USER_SCRIPT_SANDBOXING = YES;
				GCC_C_LANGUAGE_STANDARD = gnu17;
				GCC_NO_COMMON_BLOCKS = YES;
				GCC_WARN_64_TO_32_BIT_CONVERSION = YES;
				GCC_WARN_ABOUT_RETURN_TYPE = YES_ERROR;
				GCC_WARN_UNDECLARED_SELECTOR = YES;
				GCC_WARN_UNINITIALIZED_AUTOS = YES_AGGRESSIVE;
				GCC_WARN_UNUSED_FUNCTION = YES;
				GCC_WARN_UNUSED_VARIABLE = YES;
				IPHONEOS_DEPLOYMENT_TARGET = 17.5;
				LOCALIZATION_PREFERS_STRING_CATALOGS = YES;
				MTL_ENABLE_DEBUG_INFO = NO;
				MTL_FAST_MATH = YES;
				SDKROOT = iphoneos;
				SWIFT_COMPILATION_MODE = wholemodule;
				VALIDATE_PRODUCT = YES;
			};
			name = Release;
		};
		DDB72BC82C744AE700E6B912 /* Debug */ = {
			isa = XCBuildConfiguration;
			buildSettings = {
				ASSETCATALOG_COMPILER_APPICON_NAME = AppIcon;
				ASSETCATALOG_COMPILER_GLOBAL_ACCENT_COLOR_NAME = AccentColor;
				CODE_SIGN_STYLE = Automatic;
				CURRENT_PROJECT_VERSION = 1;
				DEVELOPMENT_TEAM = 8KFWPJ4CC8;
				GENERATE_INFOPLIST_FILE = YES;
				INFOPLIST_FILE = PostProject/Info.plist;
				INFOPLIST_KEY_UIApplicationSupportsIndirectInputEvents = YES;
				INFOPLIST_KEY_UILaunchStoryboardName = LaunchScreen;
				INFOPLIST_KEY_UISupportedInterfaceOrientations_iPad = "UIInterfaceOrientationPortrait UIInterfaceOrientationPortraitUpsideDown UIInterfaceOrientationLandscapeLeft UIInterfaceOrientationLandscapeRight";
				INFOPLIST_KEY_UISupportedInterfaceOrientations_iPhone = "UIInterfaceOrientationPortrait UIInterfaceOrientationLandscapeLeft UIInterfaceOrientationLandscapeRight";
				LD_RUNPATH_SEARCH_PATHS = (
					"$(inherited)",
					"@executable_path/Frameworks",
				);
				MARKETING_VERSION = 1.0;
				PRODUCT_BUNDLE_IDENTIFIER = com.hemant.PostProject;
				PRODUCT_NAME = "$(TARGET_NAME)";
				SUPPORTED_PLATFORMS = "iphoneos iphonesimulator";
				SUPPORTS_MACCATALYST = NO;
				SUPPORTS_MAC_DESIGNED_FOR_IPHONE_IPAD = NO;
				SUPPORTS_XR_DESIGNED_FOR_IPHONE_IPAD = NO;
				SWIFT_EMIT_LOC_STRINGS = YES;
				SWIFT_VERSION = 5.0;
				TARGETED_DEVICE_FAMILY = 1;
			};
			name = Debug;
		};
		DDB72BC92C744AE700E6B912 /* Release */ = {
			isa = XCBuildConfiguration;
			buildSettings = {
				ASSETCATALOG_COMPILER_APPICON_NAME = AppIcon;
				ASSETCATALOG_COMPILER_GLOBAL_ACCENT_COLOR_NAME = AccentColor;
				CODE_SIGN_STYLE = Automatic;
				CURRENT_PROJECT_VERSION = 1;
				DEVELOPMENT_TEAM = 8KFWPJ4CC8;
				GENERATE_INFOPLIST_FILE = YES;
				INFOPLIST_FILE = PostProject/Info.plist;
				INFOPLIST_KEY_UIApplicationSupportsIndirectInputEvents = YES;
				INFOPLIST_KEY_UILaunchStoryboardName = LaunchScreen;
				INFOPLIST_KEY_UISupportedInterfaceOrientations_iPad = "UIInterfaceOrientationPortrait UIInterfaceOrientationPortraitUpsideDown UIInterfaceOrientationLandscapeLeft UIInterfaceOrientationLandscapeRight";
				INFOPLIST_KEY_UISupportedInterfaceOrientations_iPhone = "UIInterfaceOrientationPortrait UIInterfaceOrientationLandscapeLeft UIInterfaceOrientationLandscapeRight";
				LD_RUNPATH_SEARCH_PATHS = (
					"$(inherited)",
					"@executable_path/Frameworks",
				);
				MARKETING_VERSION = 1.0;
				PRODUCT_BUNDLE_IDENTIFIER = com.hemant.PostProject;
				PRODUCT_NAME = "$(TARGET_NAME)";
				SUPPORTED_PLATFORMS = "iphoneos iphonesimulator";
				SUPPORTS_MACCATALYST = NO;
				SUPPORTS_MAC_DESIGNED_FOR_IPHONE_IPAD = NO;
				SUPPORTS_XR_DESIGNED_FOR_IPHONE_IPAD = NO;
				SWIFT_EMIT_LOC_STRINGS = YES;
				SWIFT_VERSION = 5.0;
				TARGETED_DEVICE_FAMILY = 1;
			};
			name = Release;
		};
		DDB72BCB2C744AE700E6B912 /* Debug */ = {
			isa = XCBuildConfiguration;
			buildSettings = {
				ALWAYS_EMBED_SWIFT_STANDARD_LIBRARIES = YES;
				BUNDLE_LOADER = "$(TEST_HOST)";
				CODE_SIGN_STYLE = Automatic;
				CURRENT_PROJECT_VERSION = 1;
				DEVELOPMENT_TEAM = 8KFWPJ4CC8;
				GENERATE_INFOPLIST_FILE = YES;
				IPHONEOS_DEPLOYMENT_TARGET = 17.5;
				MARKETING_VERSION = 1.0;
				PRODUCT_BUNDLE_IDENTIFIER = com.hemant.PostProjectTests;
				PRODUCT_NAME = "$(TARGET_NAME)";
				SWIFT_EMIT_LOC_STRINGS = NO;
				SWIFT_VERSION = 5.0;
				TARGETED_DEVICE_FAMILY = "1,2";
				TEST_HOST = "$(BUILT_PRODUCTS_DIR)/PostProject.app/$(BUNDLE_EXECUTABLE_FOLDER_PATH)/PostProject";
			};
			name = Debug;
		};
		DDB72BCC2C744AE700E6B912 /* Release */ = {
			isa = XCBuildConfiguration;
			buildSettings = {
				ALWAYS_EMBED_SWIFT_STANDARD_LIBRARIES = YES;
				BUNDLE_LOADER = "$(TEST_HOST)";
				CODE_SIGN_STYLE = Automatic;
				CURRENT_PROJECT_VERSION = 1;
				DEVELOPMENT_TEAM = 8KFWPJ4CC8;
				GENERATE_INFOPLIST_FILE = YES;
				IPHONEOS_DEPLOYMENT_TARGET = 17.5;
				MARKETING_VERSION = 1.0;
				PRODUCT_BUNDLE_IDENTIFIER = com.hemant.PostProjectTests;
				PRODUCT_NAME = "$(TARGET_NAME)";
				SWIFT_EMIT_LOC_STRINGS = NO;
				SWIFT_VERSION = 5.0;
				TARGETED_DEVICE_FAMILY = "1,2";
				TEST_HOST = "$(BUILT_PRODUCTS_DIR)/PostProject.app/$(BUNDLE_EXECUTABLE_FOLDER_PATH)/PostProject";
			};
			name = Release;
		};
		DDB72BCE2C744AE700E6B912 /* Debug */ = {
			isa = XCBuildConfiguration;
			buildSettings = {
				ALWAYS_EMBED_SWIFT_STANDARD_LIBRARIES = YES;
				CODE_SIGN_STYLE = Automatic;
				CURRENT_PROJECT_VERSION = 1;
				DEVELOPMENT_TEAM = 8KFWPJ4CC8;
				GENERATE_INFOPLIST_FILE = YES;
				MARKETING_VERSION = 1.0;
				PRODUCT_BUNDLE_IDENTIFIER = com.hemant.PostProjectUITests;
				PRODUCT_NAME = "$(TARGET_NAME)";
				SWIFT_EMIT_LOC_STRINGS = NO;
				SWIFT_VERSION = 5.0;
				TARGETED_DEVICE_FAMILY = "1,2";
				TEST_TARGET_NAME = PostProject;
			};
			name = Debug;
		};
		DDB72BCF2C744AE700E6B912 /* Release */ = {
			isa = XCBuildConfiguration;
			buildSettings = {
				ALWAYS_EMBED_SWIFT_STANDARD_LIBRARIES = YES;
				CODE_SIGN_STYLE = Automatic;
				CURRENT_PROJECT_VERSION = 1;
				DEVELOPMENT_TEAM = 8KFWPJ4CC8;
				GENERATE_INFOPLIST_FILE = YES;
				MARKETING_VERSION = 1.0;
				PRODUCT_BUNDLE_IDENTIFIER = com.hemant.PostProjectUITests;
				PRODUCT_NAME = "$(TARGET_NAME)";
				SWIFT_EMIT_LOC_STRINGS = NO;
				SWIFT_VERSION = 5.0;
				TARGETED_DEVICE_FAMILY = "1,2";
				TEST_TARGET_NAME = PostProject;
			};
			name = Release;
		};
/* End XCBuildConfiguration section */

/* Begin XCConfigurationList section */
		DDB72B982C744AE500E6B912 /* Build configuration list for PBXProject "PostProject" */ = {
			isa = XCConfigurationList;
			buildConfigurations = (
				DDB72BC52C744AE700E6B912 /* Debug */,
				DDB72BC62C744AE700E6B912 /* Release */,
			);
			defaultConfigurationIsVisible = 0;
			defaultConfigurationName = Release;
		};
		DDB72BC72C744AE700E6B912 /* Build configuration list for PBXNativeTarget "PostProject" */ = {
			isa = XCConfigurationList;
			buildConfigurations = (
				DDB72BC82C744AE700E6B912 /* Debug */,
				DDB72BC92C744AE700E6B912 /* Release */,
			);
			defaultConfigurationIsVisible = 0;
			defaultConfigurationName = Release;
		};
		DDB72BCA2C744AE700E6B912 /* Build configuration list for PBXNativeTarget "PostProjectTests" */ = {
			isa = XCConfigurationList;
			buildConfigurations = (
				DDB72BCB2C744AE700E6B912 /* Debug */,
				DDB72BCC2C744AE700E6B912 /* Release */,
			);
			defaultConfigurationIsVisible = 0;
			defaultConfigurationName = Release;
		};
		DDB72BCD2C744AE700E6B912 /* Build configuration list for PBXNativeTarget "PostProjectUITests" */ = {
			isa = XCConfigurationList;
			buildConfigurations = (
				DDB72BCE2C744AE700E6B912 /* Debug */,
				DDB72BCF2C744AE700E6B912 /* Release */,
			);
			defaultConfigurationIsVisible = 0;
			defaultConfigurationName = Release;
		};
/* End XCConfigurationList section */

/* Begin XCRemoteSwiftPackageReference section */
		DDB72C092C74574600E6B912 /* XCRemoteSwiftPackageReference "ProgressHUD" */ = {
			isa = XCRemoteSwiftPackageReference;
			repositoryURL = "https://github.com/relatedcode/ProgressHUD.git";
			requirement = {
				kind = upToNextMajorVersion;
				minimumVersion = 14.1.3;
			};
		};
		DDB72C1B2C745F5000E6B912 /* XCRemoteSwiftPackageReference "SDWebImage" */ = {
			isa = XCRemoteSwiftPackageReference;
			repositoryURL = "https://github.com/SDWebImage/SDWebImage";
			requirement = {
				kind = upToNextMajorVersion;
				minimumVersion = 5.19.6;
			};
		};
		DDEB7EBC2C746BDC00B17DF5 /* XCRemoteSwiftPackageReference "RxSwift" */ = {
			isa = XCRemoteSwiftPackageReference;
			repositoryURL = "https://github.com/ReactiveX/RxSwift.git";
			requirement = {
				kind = upToNextMajorVersion;
				minimumVersion = 6.7.1;
			};
		};
/* End XCRemoteSwiftPackageReference section */

/* Begin XCSwiftPackageProductDependency section */
		DDB72C0A2C74574600E6B912 /* ProgressHUD */ = {
			isa = XCSwiftPackageProductDependency;
			package = DDB72C092C74574600E6B912 /* XCRemoteSwiftPackageReference "ProgressHUD" */;
			productName = ProgressHUD;
		};
		DDB72C1C2C745F5000E6B912 /* SDWebImage */ = {
			isa = XCSwiftPackageProductDependency;
			package = DDB72C1B2C745F5000E6B912 /* XCRemoteSwiftPackageReference "SDWebImage" */;
			productName = SDWebImage;
		};
		DDEB7EBD2C746BDC00B17DF5 /* RxCocoa */ = {
			isa = XCSwiftPackageProductDependency;
			package = DDEB7EBC2C746BDC00B17DF5 /* XCRemoteSwiftPackageReference "RxSwift" */;
			productName = RxCocoa;
		};
		DDEB7EBF2C746BDC00B17DF5 /* RxSwift */ = {
			isa = XCSwiftPackageProductDependency;
			package = DDEB7EBC2C746BDC00B17DF5 /* XCRemoteSwiftPackageReference "RxSwift" */;
			productName = RxSwift;
		};
/* End XCSwiftPackageProductDependency section */
	};
	rootObject = DDB72B952C744AE500E6B912 /* Project object */;
}
